
Microsoft Visual Studio Solution File, Format Version 12.00
# Visual Studio Version 16
VisualStudioVersion = 16.0.29102.190
MinimumVisualStudioVersion = 10.0.40219.1
Project("{FAE04EC0-301F-11D3-BF4B-00C04F79EFBC}") = "QuestionServer", "QuestionServer\QuestionServer.csproj", "{F76AF060-0A37-40D0-9193-135418304E71}"
EndProject
Global
	GlobalSection(SolutionConfigurationPlatforms) = preSolution
		Debug|Any CPU = Debug|Any CPU
		Release|Any CPU = Release|Any CPU
	EndGlobalSection
	GlobalSection(ProjectConfigurationPlatforms) = postSolution
		{F76AF060-0A37-40D0-9193-135418304E71}.Debug|Any CPU.ActiveCfg = Debug|Any CPU
		{F76AF060-0A37-40D0-9193-135418304E71}.Debug|Any CPU.Build.0 = Debug|Any CPU
		{F76AF060-0A37-40D0-9193-135418304E71}.Release|Any CPU.ActiveCfg = Release|Any CPU
		{F76AF060-0A37-40D0-9193-135418304E71}.Release|Any CPU.Build.0 = Release|Any CPU
	EndGlobalSection
	GlobalSection(SolutionProperties) = preSolution
		HideSolutionNode = FALSE
	EndGlobalSection
	GlobalSection(ExtensibilityGlobals) = postSolution
		SolutionGuid = {25FA6A34-BC6D-4EA0-9731-01180BF0FEEC}
	EndGlobalSection
EndGlobal
